
Microsoft Visual Studio Solution File, Format Version 12.00
# Visual Studio Version 17
VisualStudioVersion = 17.6.33829.357
MinimumVisualStudioVersion = 10.0.40219.1
Project("{9A19103F-16F7-4668-BE54-9A1E7A4F7556}") = "MovieWatchers", "MovieWatchers\MovieWatchers.csproj", "{FF9ACA7C-B360-4BFA-B8EC-BBB893DCE0B8}"
EndProject
Project("{9A19103F-16F7-4668-BE54-9A1E7A4F7556}") = "DBLayer", "DBLayer\DBLayer.csproj", "{39B636E4-BE4F-4811-B9B9-35C0897F167C}"
EndProject
Project("{9A19103F-16F7-4668-BE54-9A1E7A4F7556}") = "CLFacade", "CLFacade\CLFacade.csproj", "{1BDB319A-C3D2-45AE-9F2F-5E7BC25A489E}"
EndProject
Project("{9A19103F-16F7-4668-BE54-9A1E7A4F7556}") = "Models", "Models\Models.csproj", "{21086DBF-A6F3-4631-B696-45441F8C9B8A}"
EndProject
Project("{9A19103F-16F7-4668-BE54-9A1E7A4F7556}") = "MyModels", "MyModels\MyModels.csproj", "{DEAFE7A8-713E-412C-8C68-69B46EA8E9FF}"
EndProject
Project("{9A19103F-16F7-4668-BE54-9A1E7A4F7556}") = "ApiDBLayer", "ApiDBLayer\ApiDBLayer.csproj", "{158DC0BB-7EC4-4E55-9F03-753CEAE25ABE}"
EndProject
Project("{9A19103F-16F7-4668-BE54-9A1E7A4F7556}") = "ApiCLFacade", "ApiCLFacade\ApiCLFacade.csproj", "{903E11F1-590E-463D-9D04-A64CB70D3249}"
EndProject
Project("{9A19103F-16F7-4668-BE54-9A1E7A4F7556}") = "ApiMovieWatchers", "ApiMovieWatchers\ApiMovieWatchers.csproj", "{3E018E65-09D9-4EA6-B099-9233D344B96F}"
EndProject
Project("{9A19103F-16F7-4668-BE54-9A1E7A4F7556}") = "MyApiModels", "MyApiModels\MyApiModels.csproj", "{0AA6513F-B035-45BB-B057-A3BC8E7D989F}"
EndProject
Project("{FAE04EC0-301F-11D3-BF4B-00C04F79EFBC}") = "Components", "Components\Components.csproj", "{080EBB8A-1DD2-4A6E-A6FA-EAB9178A3EA1}"
EndProject
Global
	GlobalSection(SolutionConfigurationPlatforms) = preSolution
		Debug|Any CPU = Debug|Any CPU
		Release|Any CPU = Release|Any CPU
	EndGlobalSection
	GlobalSection(ProjectConfigurationPlatforms) = postSolution
		{FF9ACA7C-B360-4BFA-B8EC-BBB893DCE0B8}.Debug|Any CPU.ActiveCfg = Debug|Any CPU
		{FF9ACA7C-B360-4BFA-B8EC-BBB893DCE0B8}.Debug|Any CPU.Build.0 = Debug|Any CPU
		{FF9ACA7C-B360-4BFA-B8EC-BBB893DCE0B8}.Release|Any CPU.ActiveCfg = Release|Any CPU
		{FF9ACA7C-B360-4BFA-B8EC-BBB893DCE0B8}.Release|Any CPU.Build.0 = Release|Any CPU
		{39B636E4-BE4F-4811-B9B9-35C0897F167C}.Debug|Any CPU.ActiveCfg = Debug|Any CPU
		{39B636E4-BE4F-4811-B9B9-35C0897F167C}.Debug|Any CPU.Build.0 = Debug|Any CPU
		{39B636E4-BE4F-4811-B9B9-35C0897F167C}.Release|Any CPU.ActiveCfg = Release|Any CPU
		{39B636E4-BE4F-4811-B9B9-35C0897F167C}.Release|Any CPU.Build.0 = Release|Any CPU
		{1BDB319A-C3D2-45AE-9F2F-5E7BC25A489E}.Debug|Any CPU.ActiveCfg = Debug|Any CPU
		{1BDB319A-C3D2-45AE-9F2F-5E7BC25A489E}.Debug|Any CPU.Build.0 = Debug|Any CPU
		{1BDB319A-C3D2-45AE-9F2F-5E7BC25A489E}.Release|Any CPU.ActiveCfg = Release|Any CPU
		{1BDB319A-C3D2-45AE-9F2F-5E7BC25A489E}.Release|Any CPU.Build.0 = Release|Any CPU
		{21086DBF-A6F3-4631-B696-45441F8C9B8A}.Debug|Any CPU.ActiveCfg = Debug|Any CPU
		{21086DBF-A6F3-4631-B696-45441F8C9B8A}.Debug|Any CPU.Build.0 = Debug|Any CPU
		{21086DBF-A6F3-4631-B696-45441F8C9B8A}.Release|Any CPU.ActiveCfg = Release|Any CPU
		{21086DBF-A6F3-4631-B696-45441F8C9B8A}.Release|Any CPU.Build.0 = Release|Any CPU
		{DEAFE7A8-713E-412C-8C68-69B46EA8E9FF}.Debug|Any CPU.ActiveCfg = Debug|Any CPU
		{DEAFE7A8-713E-412C-8C68-69B46EA8E9FF}.Debug|Any CPU.Build.0 = Debug|Any CPU
		{DEAFE7A8-713E-412C-8C68-69B46EA8E9FF}.Release|Any CPU.ActiveCfg = Release|Any CPU
		{DEAFE7A8-713E-412C-8C68-69B46EA8E9FF}.Release|Any CPU.Build.0 = Release|Any CPU
		{158DC0BB-7EC4-4E55-9F03-753CEAE25ABE}.Debug|Any CPU.ActiveCfg = Debug|Any CPU
		{158DC0BB-7EC4-4E55-9F03-753CEAE25ABE}.Debug|Any CPU.Build.0 = Debug|Any CPU
		{158DC0BB-7EC4-4E55-9F03-753CEAE25ABE}.Release|Any CPU.ActiveCfg = Release|Any CPU
		{158DC0BB-7EC4-4E55-9F03-753CEAE25ABE}.Release|Any CPU.Build.0 = Release|Any CPU
		{903E11F1-590E-463D-9D04-A64CB70D3249}.Debug|Any CPU.ActiveCfg = Debug|Any CPU
		{903E11F1-590E-463D-9D04-A64CB70D3249}.Debug|Any CPU.Build.0 = Debug|Any CPU
		{903E11F1-590E-463D-9D04-A64CB70D3249}.Release|Any CPU.ActiveCfg = Release|Any CPU
		{903E11F1-590E-463D-9D04-A64CB70D3249}.Release|Any CPU.Build.0 = Release|Any CPU
		{3E018E65-09D9-4EA6-B099-9233D344B96F}.Debug|Any CPU.ActiveCfg = Debug|Any CPU
		{3E018E65-09D9-4EA6-B099-9233D344B96F}.Debug|Any CPU.Build.0 = Debug|Any CPU
		{3E018E65-09D9-4EA6-B099-9233D344B96F}.Release|Any CPU.ActiveCfg = Release|Any CPU
		{3E018E65-09D9-4EA6-B099-9233D344B96F}.Release|Any CPU.Build.0 = Release|Any CPU
		{0AA6513F-B035-45BB-B057-A3BC8E7D989F}.Debug|Any CPU.ActiveCfg = Debug|Any CPU
		{0AA6513F-B035-45BB-B057-A3BC8E7D989F}.Debug|Any CPU.Build.0 = Debug|Any CPU
		{0AA6513F-B035-45BB-B057-A3BC8E7D989F}.Release|Any CPU.ActiveCfg = Release|Any CPU
		{0AA6513F-B035-45BB-B057-A3BC8E7D989F}.Release|Any CPU.Build.0 = Release|Any CPU
		{080EBB8A-1DD2-4A6E-A6FA-EAB9178A3EA1}.Debug|Any CPU.ActiveCfg = Debug|Any CPU
		{080EBB8A-1DD2-4A6E-A6FA-EAB9178A3EA1}.Debug|Any CPU.Build.0 = Debug|Any CPU
		{080EBB8A-1DD2-4A6E-A6FA-EAB9178A3EA1}.Release|Any CPU.ActiveCfg = Release|Any CPU
		{080EBB8A-1DD2-4A6E-A6FA-EAB9178A3EA1}.Release|Any CPU.Build.0 = Release|Any CPU
	EndGlobalSection
	GlobalSection(SolutionProperties) = preSolution
		HideSolutionNode = FALSE
	EndGlobalSection
	GlobalSection(ExtensibilityGlobals) = postSolution
		SolutionGuid = {CA516DA6-C0BD-4E86-BD40-47348FB3C304}
	EndGlobalSection
EndGlobal
